
Microsoft Visual Studio Solution File, Format Version 12.00
# Visual Studio Version 16
VisualStudioVersion = 16.0.29905.134
MinimumVisualStudioVersion = 10.0.40219.1
Project("{FAE04EC0-301F-11D3-BF4B-00C04F79EFBC}") = "AspNetHandlers", "AspNetHandlers\AspNetHandlers.csproj", "{6DE67829-4FD0-4D13-AA50-9283B38FD411}"
EndProject
Global
	GlobalSection(SolutionConfigurationPlatforms) = preSolution
		Debug|Any CPU = Debug|Any CPU
		Release|Any CPU = Release|Any CPU
	EndGlobalSection
	GlobalSection(ProjectConfigurationPlatforms) = postSolution
		{6DE67829-4FD0-4D13-AA50-9283B38FD411}.Debug|Any CPU.ActiveCfg = Debug|Any CPU
		{6DE67829-4FD0-4D13-AA50-9283B38FD411}.Debug|Any CPU.Build.0 = Debug|Any CPU
		{6DE67829-4FD0-4D13-AA50-9283B38FD411}.Release|Any CPU.ActiveCfg = Release|Any CPU
		{6DE67829-4FD0-4D13-AA50-9283B38FD411}.Release|Any CPU.Build.0 = Release|Any CPU
	EndGlobalSection
	GlobalSection(SolutionProperties) = preSolution
		HideSolutionNode = FALSE
	EndGlobalSection
	GlobalSection(ExtensibilityGlobals) = postSolution
		SolutionGuid = {8181B4BB-178E-49EF-AE2F-9B3BD6E987B3}
	EndGlobalSection
EndGlobal
